// !$*UTF8*$!
{
	archiveVersion = 1;
	classes = {
	};
	objectVersion = 77;
	objects = {

/* Begin PBXBuildFile section */
		6212A9B92DEDE1EC00C809B7 /* FirebaseAuth in Frameworks */ = {isa = PBXBuildFile; productRef = 6212A9B82DEDE1EC00C809B7 /* FirebaseAuth */; };
		6212A9BB2DEDE1EC00C809B7 /* FirebaseCore in Frameworks */ = {isa = PBXBuildFile; productRef = 6212A9BA2DEDE1EC00C809B7 /* FirebaseCore */; };
		6212A9BD2DEDE1EC00C809B7 /* FirebaseFirestore in Frameworks */ = {isa = PBXBuildFile; productRef = 6212A9BC2DEDE1EC00C809B7 /* FirebaseFirestore */; };
		6212A9C22DEDF03300C809B7 /* GoogleSignIn in Frameworks */ = {isa = PBXBuildFile; productRef = 6212A9C12DEDF03300C809B7 /* GoogleSignIn */; };
		6212A9C42DEDF03300C809B7 /* GoogleSignInSwift in Frameworks */ = {isa = PBXBuildFile; productRef = 6212A9C32DEDF03300C809B7 /* GoogleSignInSwift */; };
		622BF0E62DF4EA470003532F /* File.txt in Resources */ = {isa = PBXBuildFile; fileRef = 622BF0E52DF4EA470003532F /* File.txt */; };
		622BF0E82DF4EC240003532F /* Stickers.xcstickers in Resources */ = {isa = PBXBuildFile; fileRef = 622BF0E72DF4EC240003532F /* Stickers.xcstickers */; };
		622BF1202E0455B70003532F /* Localizable.strings in Resources */ = {isa = PBXBuildFile; fileRef = 622BF11B2E0455B70003532F /* Localizable.strings */; };
		622BF1212E0455B70003532F /* Localizable.strings in Resources */ = {isa = PBXBuildFile; fileRef = 622BF11E2E0455B70003532F /* Localizable.strings */; };
		629ABF502DEE168F00362CEC /* GoogleService-Info.plist in Resources */ = {isa = PBXBuildFile; fileRef = 629ABF4F2DEE168F00362CEC /* GoogleService-Info.plist */; };
		629ABF592DEF2A2E00362CEC /* ActivityIndicatorView in Frameworks */ = {isa = PBXBuildFile; productRef = 629ABF582DEF2A2E00362CEC /* ActivityIndicatorView */; };
		629ABF632DF043A400362CEC /* il_clouds.png in Resources */ = {isa = PBXBuildFile; fileRef = 629ABF622DF043A400362CEC /* il_clouds.png */; };
		62C4C52C2DDDE08A001CAB3B /* TipjeApp.swift in Sources */ = {isa = PBXBuildFile; fileRef = 62C4C50E2DDDE08A001CAB3B /* TipjeApp.swift */; };
		62C4C5882DDDE0A2001CAB3B /* success.aiff in Resources */ = {isa = PBXBuildFile; fileRef = 62C4C54D2DDDE0A2001CAB3B /* success.aiff */; };
		62C4C58F2DDDE0A2001CAB3B /* reward.aiff in Resources */ = {isa = PBXBuildFile; fileRef = 62C4C54C2DDDE0A2001CAB3B /* reward.aiff */; };
		62C4C5962DDDE0A2001CAB3B /* README.md in Resources */ = {isa = PBXBuildFile; fileRef = 62C4C54B2DDDE0A2001CAB3B /* README.md */; };
		62C4C5AE2DDDE8BA001CAB3B /* Assets.xcassets in Resources */ = {isa = PBXBuildFile; fileRef = 62C4C5AD2DDDE8BA001CAB3B /* Assets.xcassets */; };
/* End PBXBuildFile section */

/* Begin PBXContainerItemProxy section */
		622BF0F92DF603360003532F /* PBXContainerItemProxy */ = {
			isa = PBXContainerItemProxy;
			containerPortal = 62C4C3EA2DDDC962001CAB3B /* Project object */;
			proxyType = 1;
			remoteGlobalIDString = 62C4C3F12DDDC962001CAB3B;
			remoteInfo = Tipje;
		};
/* End PBXContainerItemProxy section */

/* Begin PBXCopyFilesBuildPhase section */
		62C4C5C52DE09E74001CAB3B /* Embed Frameworks */ = {
			isa = PBXCopyFilesBuildPhase;
			buildActionMask = 2147483647;
			dstPath = "";
			dstSubfolderSpec = 10;
			files = (
			);
			name = "Embed Frameworks";
			runOnlyForDeploymentPostprocessing = 0;
		};
/* End PBXCopyFilesBuildPhase section */

/* Begin PBXFileReference section */
		622BF0E52DF4EA470003532F /* File.txt */ = {isa = PBXFileReference; lastKnownFileType = text; path = File.txt; sourceTree = "<group>"; };
		622BF0E72DF4EC240003532F /* Stickers.xcstickers */ = {isa = PBXFileReference; lastKnownFileType = folder.stickers; path = Stickers.xcstickers; sourceTree = "<group>"; };
		622BF0F32DF603360003532F /* TipjeUITests.xctest */ = {isa = PBXFileReference; explicitFileType = wrapper.cfbundle; includeInIndex = 0; path = TipjeUITests.xctest; sourceTree = BUILT_PRODUCTS_DIR; };
		622BF11A2E0455B70003532F /* en */ = {isa = PBXFileReference; lastKnownFileType = text.plist.strings; name = en; path = Localizable.strings; sourceTree = "<group>"; };
		622BF11D2E0455B70003532F /* nl */ = {isa = PBXFileReference; lastKnownFileType = text.plist.strings; name = nl; path = Localizable.strings; sourceTree = "<group>"; };
		626E81012DE9AA7700715C38 /* Info.plist */ = {isa = PBXFileReference; lastKnownFileType = text.plist.xml; path = Info.plist; sourceTree = "<group>"; };
		629ABF4F2DEE168F00362CEC /* GoogleService-Info.plist */ = {isa = PBXFileReference; lastKnownFileType = text.plist.xml; path = "GoogleService-Info.plist"; sourceTree = "<group>"; };
		629ABF622DF043A400362CEC /* il_clouds.png */ = {isa = PBXFileReference; lastKnownFileType = image.png; path = il_clouds.png; sourceTree = "<group>"; };
		62C4C3F22DDDC962001CAB3B /* Tipje.app */ = {isa = PBXFileReference; explicitFileType = wrapper.application; includeInIndex = 0; path = Tipje.app; sourceTree = BUILT_PRODUCTS_DIR; };
		62C4C50E2DDDE08A001CAB3B /* TipjeApp.swift */ = {isa = PBXFileReference; lastKnownFileType = sourcecode.swift; path = TipjeApp.swift; sourceTree = "<group>"; };
		62C4C54B2DDDE0A2001CAB3B /* README.md */ = {isa = PBXFileReference; lastKnownFileType = net.daringfireball.markdown; path = README.md; sourceTree = "<group>"; };
		62C4C54C2DDDE0A2001CAB3B /* reward.aiff */ = {isa = PBXFileReference; lastKnownFileType = audio.aiff; path = reward.aiff; sourceTree = "<group>"; };
		62C4C54D2DDDE0A2001CAB3B /* success.aiff */ = {isa = PBXFileReference; lastKnownFileType = audio.aiff; path = success.aiff; sourceTree = "<group>"; };
		62C4C5AD2DDDE8BA001CAB3B /* Assets.xcassets */ = {isa = PBXFileReference; lastKnownFileType = folder.assetcatalog; path = Assets.xcassets; sourceTree = "<group>"; };
/* End PBXFileReference section */

/* Begin PBXFileSystemSynchronizedBuildFileExceptionSet section */
		62C4C59C2DDDE0A2001CAB3B /* Exceptions for "Models" folder in "Tipje" target */ = {
			isa = PBXFileSystemSynchronizedBuildFileExceptionSet;
			membershipExceptions = (
				CatalogData.swift,
				"Category+Color.swift",
				Store.swift,
				Task.swift,
			);
			target = 62C4C3F12DDDC962001CAB3B /* Tipje */;
		};
		62C4C59D2DDDE0A2001CAB3B /* Exceptions for "Resources" folder in "Tipje" target */ = {
			isa = PBXFileSystemSynchronizedBuildFileExceptionSet;
			membershipExceptions = (
				"Animation - 1747993547108.json",
				CustomUI/icon_close.svg,
				CustomUI/icon_delete.svg,
				CustomUI/icon_peanut.svg,
				CustomUI/icon_plus.svg,
				CustomUI/mascot_empty_chores.png,
				"CustomUI/mascot_empty_rules 2.png",
				CustomUI/mascot_excited.png,
				CustomUI/mascot_happy.png,
				CustomUI/mascot_like.png,
				CustomUI/mascot_peanuts.png,
				CustomUI/mascot_ticket.png,
				"Inter-VariableFont_opsz,wght.ttf",
				SeedData/chores.json,
				SeedData/rewards.json,
				SeedData/rules.json,
				Tipje_instrustions.md,
			);
			target = 62C4C3F12DDDC962001CAB3B /* Tipje */;
		};
		62C4C59E2DDDE0A2001CAB3B /* Exceptions for "Views" folder in "Tipje" target */ = {
			isa = PBXFileSystemSynchronizedBuildFileExceptionSet;
			membershipExceptions = (
				Admin/AdminView.swift,
				Admin/CatalogChoresModal.swift,
				Admin/CatalogRewardsModal.swift,
				Admin/CatalogRulesModal.swift,
				Components/BalanceChip.swift,
				Components/BannerPanelLayout.swift,
				Components/BasketCard.swift,
				Components/ButtonLarge.swift,
				Components/ButtonRegular.swift,
				Components/ButtonText.swift,
				Components/ChoreAdultCard.swift,
				Components/ChoreKidCard.swift,
				Components/ConfettiOverlay.swift,
				Components/CustomDropdownCompact.swift,
				Components/DropdownRegular.swift,
				Components/ErrorStateView.swift,
				Components/IconButton.swift,
				Components/IconRoundButton.swift,
				Components/MainTabBar.swift,
				Components/MascotModal.swift,
				Components/PageTitle.swift,
				Components/PaywallModal.swift,
				Components/PinPadView.swift,
				Components/RewardAdultCard.swift,
				Components/RewardKidCard.swift,
				Components/RuleAdultCard.swift,
				Components/RuleKidCard.swift,
				Components/SubTabBar.swift,
				Components/TipjeEmptyState.swift,
				Components/TipjeLoadingView.swift,
				Components/TipjeModal.swift,
				Components/VisualEffectBlur.swift,
				Home/HomeView.swift,
				MainView.swift,
				Onboarding/KidsProfileView.swift,
				Onboarding/LoginView.swift,
				Onboarding/OnboardingStateManager.swift,
				Onboarding/OnboardingView.swift,
				Onboarding/PinSetupView.swift,
				PinLockView.swift,
				Settings/DebugView.swift,
				Settings/SettingsView.swift,
				Shop/ShopView.swift,
			);
			target = 62C4C3F12DDDC962001CAB3B /* Tipje */;
		};
/* End PBXFileSystemSynchronizedBuildFileExceptionSet section */

/* Begin PBXFileSystemSynchronizedRootGroup section */
		622BF0F42DF603360003532F /* TipjeUITests */ = {
			isa = PBXFileSystemSynchronizedRootGroup;
			path = TipjeUITests;
			sourceTree = "<group>";
		};
		62C4C53E2DDDE0A2001CAB3B /* Models */ = {
			isa = PBXFileSystemSynchronizedRootGroup;
			exceptions = (
				62C4C59C2DDDE0A2001CAB3B /* Exceptions for "Models" folder in "Tipje" target */,
			);
			path = Models;
			sourceTree = "<group>";
		};
		62C4C5552DDDE0A2001CAB3B /* Resources */ = {
			isa = PBXFileSystemSynchronizedRootGroup;
			exceptions = (
				62C4C59D2DDDE0A2001CAB3B /* Exceptions for "Resources" folder in "Tipje" target */,
			);
			path = Resources;
			sourceTree = "<group>";
		};
		62C4C5592DDDE0A2001CAB3B /* Services */ = {
			isa = PBXFileSystemSynchronizedRootGroup;
			path = Services;
			sourceTree = "<group>";
		};
		62C4C5702DDDE0A2001CAB3B /* Views */ = {
			isa = PBXFileSystemSynchronizedRootGroup;
			exceptions = (
				62C4C59E2DDDE0A2001CAB3B /* Exceptions for "Views" folder in "Tipje" target */,
			);
			path = Views;
			sourceTree = "<group>";
		};
/* End PBXFileSystemSynchronizedRootGroup section */

/* Begin PBXFrameworksBuildPhase section */
		622BF0F02DF603360003532F /* Frameworks */ = {
			isa = PBXFrameworksBuildPhase;
			buildActionMask = 2147483647;
			files = (
			);
			runOnlyForDeploymentPostprocessing = 0;
		};
		62C4C3EF2DDDC962001CAB3B /* Frameworks */ = {
			isa = PBXFrameworksBuildPhase;
			buildActionMask = 2147483647;
			files = (
				6212A9C42DEDF03300C809B7 /* GoogleSignInSwift in Frameworks */,
				6212A9BB2DEDE1EC00C809B7 /* FirebaseCore in Frameworks */,
				6212A9C22DEDF03300C809B7 /* GoogleSignIn in Frameworks */,
				6212A9B92DEDE1EC00C809B7 /* FirebaseAuth in Frameworks */,
				629ABF592DEF2A2E00362CEC /* ActivityIndicatorView in Frameworks */,
				6212A9BD2DEDE1EC00C809B7 /* FirebaseFirestore in Frameworks */,
			);
			runOnlyForDeploymentPostprocessing = 0;
		};
/* End PBXFrameworksBuildPhase section */

/* Begin PBXGroup section */
		622BF11C2E0455B70003532F /* en.lproj */ = {
			isa = PBXGroup;
			children = (
				622BF11B2E0455B70003532F /* Localizable.strings */,
			);
			path = en.lproj;
			sourceTree = "<group>";
		};
		622BF11F2E0455B70003532F /* nl.lproj */ = {
			isa = PBXGroup;
			children = (
				622BF11E2E0455B70003532F /* Localizable.strings */,
			);
			path = nl.lproj;
			sourceTree = "<group>";
		};
		62C4C3E92DDDC962001CAB3B = {
			isa = PBXGroup;
			children = (
				622BF11C2E0455B70003532F /* en.lproj */,
				622BF11F2E0455B70003532F /* nl.lproj */,
				62C4C5AD2DDDE8BA001CAB3B /* Assets.xcassets */,
				622BF0E72DF4EC240003532F /* Stickers.xcstickers */,
				622BF0E52DF4EA470003532F /* File.txt */,
				629ABF622DF043A400362CEC /* il_clouds.png */,
				62C4C54B2DDDE0A2001CAB3B /* README.md */,
				629ABF4F2DEE168F00362CEC /* GoogleService-Info.plist */,
				626E81012DE9AA7700715C38 /* Info.plist */,
				62C4C54C2DDDE0A2001CAB3B /* reward.aiff */,
				62C4C54D2DDDE0A2001CAB3B /* success.aiff */,
				62C4C53E2DDDE0A2001CAB3B /* Models */,
				62C4C5552DDDE0A2001CAB3B /* Resources */,
				62C4C5592DDDE0A2001CAB3B /* Services */,
				62C4C5702DDDE0A2001CAB3B /* Views */,
				62C4C50E2DDDE08A001CAB3B /* TipjeApp.swift */,
				622BF0F42DF603360003532F /* TipjeUITests */,
				62C4C3F32DDDC962001CAB3B /* Products */,
			);
			sourceTree = "<group>";
		};
		62C4C3F32DDDC962001CAB3B /* Products */ = {
			isa = PBXGroup;
			children = (
				62C4C3F22DDDC962001CAB3B /* Tipje.app */,
				622BF0F32DF603360003532F /* TipjeUITests.xctest */,
			);
			name = Products;
			sourceTree = "<group>";
		};
/* End PBXGroup section */

/* Begin PBXNativeTarget section */
		622BF0F22DF603360003532F /* TipjeUITests */ = {
			isa = PBXNativeTarget;
			buildConfigurationList = 622BF0FB2DF603360003532F /* Build configuration list for PBXNativeTarget "TipjeUITests" */;
			buildPhases = (
				622BF0EF2DF603360003532F /* Sources */,
				622BF0F02DF603360003532F /* Frameworks */,
				622BF0F12DF603360003532F /* Resources */,
			);
			buildRules = (
			);
			dependencies = (
				622BF0FA2DF603360003532F /* PBXTargetDependency */,
			);
			fileSystemSynchronizedGroups = (
				622BF0F42DF603360003532F /* TipjeUITests */,
			);
			name = TipjeUITests;
			packageProductDependencies = (
			);
			productName = TipjeUITests;
			productReference = 622BF0F32DF603360003532F /* TipjeUITests.xctest */;
			productType = "com.apple.product-type.bundle.ui-testing";
		};
		62C4C3F12DDDC962001CAB3B /* Tipje */ = {
			isa = PBXNativeTarget;
			buildConfigurationList = 62C4C3FD2DDDC963001CAB3B /* Build configuration list for PBXNativeTarget "Tipje" */;
			buildPhases = (
				62C4C3EE2DDDC962001CAB3B /* Sources */,
				62C4C3EF2DDDC962001CAB3B /* Frameworks */,
				62C4C3F02DDDC962001CAB3B /* Resources */,
				62C4C5C52DE09E74001CAB3B /* Embed Frameworks */,
			);
			buildRules = (
			);
			dependencies = (
			);
			fileSystemSynchronizedGroups = (
				62C4C5592DDDE0A2001CAB3B /* Services */,
			);
			name = Tipje;
			packageProductDependencies = (
				6212A9B82DEDE1EC00C809B7 /* FirebaseAuth */,
				6212A9BA2DEDE1EC00C809B7 /* FirebaseCore */,
				6212A9BC2DEDE1EC00C809B7 /* FirebaseFirestore */,
				6212A9C12DEDF03300C809B7 /* GoogleSignIn */,
				6212A9C32DEDF03300C809B7 /* GoogleSignInSwift */,
				629ABF582DEF2A2E00362CEC /* ActivityIndicatorView */,
			);
			productName = Tipje;
			productReference = 62C4C3F22DDDC962001CAB3B /* Tipje.app */;
			productType = "com.apple.product-type.application";
		};
/* End PBXNativeTarget section */

/* Begin PBXProject section */
		62C4C3EA2DDDC962001CAB3B /* Project object */ = {
			isa = PBXProject;
			attributes = {
				BuildIndependentTargetsInParallel = 1;
				LastSwiftUpdateCheck = 1640;
				LastUpgradeCheck = 1630;
				TargetAttributes = {
					622BF0F22DF603360003532F = {
						CreatedOnToolsVersion = 16.4;
						TestTargetID = 62C4C3F12DDDC962001CAB3B;
					};
					62C4C3F12DDDC962001CAB3B = {
						CreatedOnToolsVersion = 16.3;
					};
				};
			};
			buildConfigurationList = 62C4C3ED2DDDC962001CAB3B /* Build configuration list for PBXProject "Tipje" */;
			developmentRegion = en;
			hasScannedForEncodings = 0;
			knownRegions = (
				en,
				Base,
				nl,
			);
			mainGroup = 62C4C3E92DDDC962001CAB3B;
			minimizedProjectReferenceProxies = 1;
			packageReferences = (
				6212A9B72DEDE1EC00C809B7 /* XCRemoteSwiftPackageReference "firebase-ios-sdk" */,
				6212A9C02DEDF03300C809B7 /* XCRemoteSwiftPackageReference "GoogleSignIn-iOS" */,
				629ABF572DEF2A2E00362CEC /* XCRemoteSwiftPackageReference "ActivityIndicatorView" */,
			);
			preferredProjectObjectVersion = 77;
			productRefGroup = 62C4C3F32DDDC962001CAB3B /* Products */;
			projectDirPath = "";
			projectRoot = "";
			targets = (
				62C4C3F12DDDC962001CAB3B /* Tipje */,
				622BF0F22DF603360003532F /* TipjeUITests */,
			);
		};
/* End PBXProject section */

/* Begin PBXResourcesBuildPhase section */
		622BF0F12DF603360003532F /* Resources */ = {
			isa = PBXResourcesBuildPhase;
			buildActionMask = 2147483647;
			files = (
			);
			runOnlyForDeploymentPostprocessing = 0;
		};
		62C4C3F02DDDC962001CAB3B /* Resources */ = {
			isa = PBXResourcesBuildPhase;
			buildActionMask = 2147483647;
			files = (
				62C4C5AE2DDDE8BA001CAB3B /* Assets.xcassets in Resources */,
				629ABF502DEE168F00362CEC /* GoogleService-Info.plist in Resources */,
				62C4C58F2DDDE0A2001CAB3B /* reward.aiff in Resources */,
				62C4C5962DDDE0A2001CAB3B /* README.md in Resources */,
				622BF0E62DF4EA470003532F /* File.txt in Resources */,
				622BF0E82DF4EC240003532F /* Stickers.xcstickers in Resources */,
				622BF1202E0455B70003532F /* Localizable.strings in Resources */,
				622BF1212E0455B70003532F /* Localizable.strings in Resources */,
				629ABF632DF043A400362CEC /* il_clouds.png in Resources */,
				62C4C5882DDDE0A2001CAB3B /* success.aiff in Resources */,
			);
			runOnlyForDeploymentPostprocessing = 0;
		};
/* End PBXResourcesBuildPhase section */

/* Begin PBXSourcesBuildPhase section */
		622BF0EF2DF603360003532F /* Sources */ = {
			isa = PBXSourcesBuildPhase;
			buildActionMask = 2147483647;
			files = (
			);
			runOnlyForDeploymentPostprocessing = 0;
		};
		62C4C3EE2DDDC962001CAB3B /* Sources */ = {
			isa = PBXSourcesBuildPhase;
			buildActionMask = 2147483647;
			files = (
				62C4C52C2DDDE08A001CAB3B /* TipjeApp.swift in Sources */,
			);
			runOnlyForDeploymentPostprocessing = 0;
		};
/* End PBXSourcesBuildPhase section */

/* Begin PBXTargetDependency section */
		622BF0FA2DF603360003532F /* PBXTargetDependency */ = {
			isa = PBXTargetDependency;
			target = 62C4C3F12DDDC962001CAB3B /* Tipje */;
			targetProxy = 622BF0F92DF603360003532F /* PBXContainerItemProxy */;
		};
/* End PBXTargetDependency section */

/* Begin PBXVariantGroup section */
		622BF11B2E0455B70003532F /* Localizable.strings */ = {
			isa = PBXVariantGroup;
			children = (
				622BF11A2E0455B70003532F /* en */,
			);
			name = Localizable.strings;
			sourceTree = "<group>";
		};
		622BF11E2E0455B70003532F /* Localizable.strings */ = {
			isa = PBXVariantGroup;
			children = (
				622BF11D2E0455B70003532F /* nl */,
			);
			name = Localizable.strings;
			sourceTree = "<group>";
		};
/* End PBXVariantGroup section */

/* Begin XCBuildConfiguration section */
		622BF0FC2DF603360003532F /* Debug */ = {
			isa = XCBuildConfiguration;
			buildSettings = {
				CODE_SIGN_STYLE = Automatic;
				CURRENT_PROJECT_VERSION = 1;
				GENERATE_INFOPLIST_FILE = YES;
				IPHONEOS_DEPLOYMENT_TARGET = 18.4;
				MARKETING_VERSION = 1.0;
				PRODUCT_BUNDLE_IDENTIFIER = com.TipjeUITests;
				PRODUCT_NAME = "$(TARGET_NAME)";
				SWIFT_EMIT_LOC_STRINGS = NO;
				SWIFT_VERSION = 5.0;
				TARGETED_DEVICE_FAMILY = "1,2";
				TEST_TARGET_NAME = Tipje;
			};
			name = Debug;
		};
		622BF0FD2DF603360003532F /* Release */ = {
			isa = XCBuildConfiguration;
			buildSettings = {
				CODE_SIGN_STYLE = Automatic;
				CURRENT_PROJECT_VERSION = 1;
				GENERATE_INFOPLIST_FILE = YES;
				IPHONEOS_DEPLOYMENT_TARGET = 18.4;
				MARKETING_VERSION = 1.0;
				PRODUCT_BUNDLE_IDENTIFIER = com.TipjeUITests;
				PRODUCT_NAME = "$(TARGET_NAME)";
				SWIFT_EMIT_LOC_STRINGS = NO;
				SWIFT_VERSION = 5.0;
				TARGETED_DEVICE_FAMILY = "1,2";
				TEST_TARGET_NAME = Tipje;
			};
			name = Release;
		};
		62C4C3FB2DDDC963001CAB3B /* Debug */ = {
			isa = XCBuildConfiguration;
			buildSettings = {
				ALWAYS_SEARCH_USER_PATHS = NO;
				ASSETCATALOG_COMPILER_GENERATE_SWIFT_ASSET_SYMBOL_EXTENSIONS = YES;
				CLANG_ANALYZER_NONNULL = YES;
				CLANG_ANALYZER_NUMBER_OBJECT_CONVERSION = YES_AGGRESSIVE;
				CLANG_CXX_LANGUAGE_STANDARD = "gnu++20";
				CLANG_ENABLE_MODULES = YES;
				CLANG_ENABLE_OBJC_ARC = YES;
				CLANG_ENABLE_OBJC_WEAK = YES;
				CLANG_WARN_BLOCK_CAPTURE_AUTORELEASING = YES;
				CLANG_WARN_BOOL_CONVERSION = YES;
				CLANG_WARN_COMMA = YES;
				CLANG_WARN_CONSTANT_CONVERSION = YES;
				CLANG_WARN_DEPRECATED_OBJC_IMPLEMENTATIONS = YES;
				CLANG_WARN_DIRECT_OBJC_ISA_USAGE = YES_ERROR;
				CLANG_WARN_DOCUMENTATION_COMMENTS = YES;
				CLANG_WARN_EMPTY_BODY = YES;
				CLANG_WARN_ENUM_CONVERSION = YES;
				CLANG_WARN_INFINITE_RECURSION = YES;
				CLANG_WARN_INT_CONVERSION = YES;
				CLANG_WARN_NON_LITERAL_NULL_CONVERSION = YES;
				CLANG_WARN_OBJC_IMPLICIT_RETAIN_SELF = YES;
				CLANG_WARN_OBJC_LITERAL_CONVERSION = YES;
				CLANG_WARN_OBJC_ROOT_CLASS = YES_ERROR;
				CLANG_WARN_QUOTED_INCLUDE_IN_FRAMEWORK_HEADER = YES;
				CLANG_WARN_RANGE_LOOP_ANALYSIS = YES;
				CLANG_WARN_STRICT_PROTOTYPES = YES;
				CLANG_WARN_SUSPICIOUS_MOVE = YES;
				CLANG_WARN_UNGUARDED_AVAILABILITY = YES_AGGRESSIVE;
				CLANG_WARN_UNREACHABLE_CODE = YES;
				CLANG_WARN__DUPLICATE_METHOD_MATCH = YES;
				COPY_PHASE_STRIP = NO;
				DEBUG_INFORMATION_FORMAT = dwarf;
				ENABLE_STRICT_OBJC_MSGSEND = YES;
				ENABLE_TESTABILITY = YES;
				ENABLE_USER_SCRIPT_SANDBOXING = YES;
				GCC_C_LANGUAGE_STANDARD = gnu17;
				GCC_DYNAMIC_NO_PIC = NO;
				GCC_NO_COMMON_BLOCKS = YES;
				GCC_OPTIMIZATION_LEVEL = 0;
				GCC_PREPROCESSOR_DEFINITIONS = (
					"DEBUG=1",
					"$(inherited)",
				);
				GCC_WARN_64_TO_32_BIT_CONVERSION = YES;
				GCC_WARN_ABOUT_RETURN_TYPE = YES_ERROR;
				GCC_WARN_UNDECLARED_SELECTOR = YES;
				GCC_WARN_UNINITIALIZED_AUTOS = YES_AGGRESSIVE;
				GCC_WARN_UNUSED_FUNCTION = YES;
				GCC_WARN_UNUSED_VARIABLE = YES;
				IPHONEOS_DEPLOYMENT_TARGET = 18.4;
				LOCALIZATION_PREFERS_STRING_CATALOGS = YES;
				MTL_ENABLE_DEBUG_INFO = INCLUDE_SOURCE;
				MTL_FAST_MATH = YES;
				ONLY_ACTIVE_ARCH = YES;
				SDKROOT = iphoneos;
				SWIFT_ACTIVE_COMPILATION_CONDITIONS = "DEBUG $(inherited)";
				SWIFT_OPTIMIZATION_LEVEL = "-Onone";
			};
			name = Debug;
		};
		62C4C3FC2DDDC963001CAB3B /* Release */ = {
			isa = XCBuildConfiguration;
			buildSettings = {
				ALWAYS_SEARCH_USER_PATHS = NO;
				ASSETCATALOG_COMPILER_GENERATE_SWIFT_ASSET_SYMBOL_EXTENSIONS = YES;
				CLANG_ANALYZER_NONNULL = YES;
				CLANG_ANALYZER_NUMBER_OBJECT_CONVERSION = YES_AGGRESSIVE;
				CLANG_CXX_LANGUAGE_STANDARD = "gnu++20";
				CLANG_ENABLE_MODULES = YES;
				CLANG_ENABLE_OBJC_ARC = YES;
				CLANG_ENABLE_OBJC_WEAK = YES;
				CLANG_WARN_BLOCK_CAPTURE_AUTORELEASING = YES;
				CLANG_WARN_BOOL_CONVERSION = YES;
				CLANG_WARN_COMMA = YES;
				CLANG_WARN_CONSTANT_CONVERSION = YES;
				CLANG_WARN_DEPRECATED_OBJC_IMPLEMENTATIONS = YES;
				CLANG_WARN_DIRECT_OBJC_ISA_USAGE = YES_ERROR;
				CLANG_WARN_DOCUMENTATION_COMMENTS = YES;
				CLANG_WARN_EMPTY_BODY = YES;
				CLANG_WARN_ENUM_CONVERSION = YES;
				CLANG_WARN_INFINITE_RECURSION = YES;
				CLANG_WARN_INT_CONVERSION = YES;
				CLANG_WARN_NON_LITERAL_NULL_CONVERSION = YES;
				CLANG_WARN_OBJC_IMPLICIT_RETAIN_SELF = YES;
				CLANG_WARN_OBJC_LITERAL_CONVERSION = YES;
				CLANG_WARN_OBJC_ROOT_CLASS = YES_ERROR;
				CLANG_WARN_QUOTED_INCLUDE_IN_FRAMEWORK_HEADER = YES;
				CLANG_WARN_RANGE_LOOP_ANALYSIS = YES;
				CLANG_WARN_STRICT_PROTOTYPES = YES;
				CLANG_WARN_SUSPICIOUS_MOVE = YES;
				CLANG_WARN_UNGUARDED_AVAILABILITY = YES_AGGRESSIVE;
				CLANG_WARN_UNREACHABLE_CODE = YES;
				CLANG_WARN__DUPLICATE_METHOD_MATCH = YES;
				COPY_PHASE_STRIP = NO;
				DEBUG_INFORMATION_FORMAT = "dwarf-with-dsym";
				ENABLE_NS_ASSERTIONS = NO;
				ENABLE_STRICT_OBJC_MSGSEND = YES;
				ENABLE_USER_SCRIPT_SANDBOXING = YES;
				GCC_C_LANGUAGE_STANDARD = gnu17;
				GCC_NO_COMMON_BLOCKS = YES;
				GCC_WARN_64_TO_32_BIT_CONVERSION = YES;
				GCC_WARN_ABOUT_RETURN_TYPE = YES_ERROR;
				GCC_WARN_UNDECLARED_SELECTOR = YES;
				GCC_WARN_UNINITIALIZED_AUTOS = YES_AGGRESSIVE;
				GCC_WARN_UNUSED_FUNCTION = YES;
				GCC_WARN_UNUSED_VARIABLE = YES;
				IPHONEOS_DEPLOYMENT_TARGET = 18.4;
				LOCALIZATION_PREFERS_STRING_CATALOGS = YES;
				MTL_ENABLE_DEBUG_INFO = NO;
				MTL_FAST_MATH = YES;
				SDKROOT = iphoneos;
				SWIFT_COMPILATION_MODE = wholemodule;
				VALIDATE_PRODUCT = YES;
			};
			name = Release;
		};
		62C4C3FE2DDDC963001CAB3B /* Debug */ = {
			isa = XCBuildConfiguration;
			buildSettings = {
				ASSETCATALOG_COMPILER_APPICON_NAME = AppIcon;
				ASSETCATALOG_COMPILER_GLOBAL_ACCENT_COLOR_NAME = AccentColor;
				ASSETCATALOG_COMPILER_INCLUDE_ALL_APPICON_ASSETS = NO;
				CODE_SIGN_IDENTITY = "Apple Development";
				CODE_SIGN_STYLE = Automatic;
				CURRENT_PROJECT_VERSION = 1;
				DEVELOPMENT_TEAM = F8457B5373;
				ENABLE_PREVIEWS = YES;
				GENERATE_INFOPLIST_FILE = NO;
				INFOPLIST_FILE = Info.plist;
				INFOPLIST_KEY_UIApplicationSceneManifest_Generation = YES;
				INFOPLIST_KEY_UIApplicationSupportsIndirectInputEvents = YES;
				INFOPLIST_KEY_UILaunchScreen_Generation = YES;
				INFOPLIST_KEY_UISupportedInterfaceOrientations_iPad = "UIInterfaceOrientationPortrait UIInterfaceOrientationPortraitUpsideDown UIInterfaceOrientationLandscapeLeft UIInterfaceOrientationLandscapeRight";
				INFOPLIST_KEY_UISupportedInterfaceOrientations_iPhone = "UIInterfaceOrientationPortrait UIInterfaceOrientationLandscapeLeft UIInterfaceOrientationLandscapeRight";
				LD_RUNPATH_SEARCH_PATHS = (
					"$(inherited)",
					"@executable_path/Frameworks",
				);
				MARKETING_VERSION = 1.0;
				PRODUCT_BUNDLE_IDENTIFIER = com.Tipje;
				PRODUCT_NAME = "$(TARGET_NAME)";
				PROVISIONING_PROFILE_SPECIFIER = "";
				SWIFT_EMIT_LOC_STRINGS = YES;
				SWIFT_VERSION = 5.0;
				TARGETED_DEVICE_FAMILY = "1,2";
			};
			name = Debug;
		};
		62C4C3FF2DDDC963001CAB3B /* Release */ = {
			isa = XCBuildConfiguration;
			buildSettings = {
				ASSETCATALOG_COMPILER_APPICON_NAME = AppIcon;
				ASSETCATALOG_COMPILER_GLOBAL_ACCENT_COLOR_NAME = AccentColor;
				ASSETCATALOG_COMPILER_INCLUDE_ALL_APPICON_ASSETS = NO;
				CODE_SIGN_IDENTITY = "Apple Development";
				CODE_SIGN_STYLE = Automatic;
				CURRENT_PROJECT_VERSION = 1;
				DEVELOPMENT_TEAM = F8457B5373;
				ENABLE_PREVIEWS = YES;
				GENERATE_INFOPLIST_FILE = NO;
				INFOPLIST_FILE = Info.plist;
				INFOPLIST_KEY_UIApplicationSceneManifest_Generation = YES;
				INFOPLIST_KEY_UIApplicationSupportsIndirectInputEvents = YES;
				INFOPLIST_KEY_UILaunchScreen_Generation = YES;
				INFOPLIST_KEY_UISupportedInterfaceOrientations_iPad = "UIInterfaceOrientationPortrait UIInterfaceOrientationPortraitUpsideDown UIInterfaceOrientationLandscapeLeft UIInterfaceOrientationLandscapeRight";
				INFOPLIST_KEY_UISupportedInterfaceOrientations_iPhone = "UIInterfaceOrientationPortrait UIInterfaceOrientationLandscapeLeft UIInterfaceOrientationLandscapeRight";
				LD_RUNPATH_SEARCH_PATHS = (
					"$(inherited)",
					"@executable_path/Frameworks",
				);
				MARKETING_VERSION = 1.0;
				PRODUCT_BUNDLE_IDENTIFIER = com.Tipje;
				PRODUCT_NAME = "$(TARGET_NAME)";
				PROVISIONING_PROFILE_SPECIFIER = "";
				SWIFT_EMIT_LOC_STRINGS = YES;
				SWIFT_VERSION = 5.0;
				TARGETED_DEVICE_FAMILY = "1,2";
			};
			name = Release;
		};
/* End XCBuildConfiguration section */

/* Begin XCConfigurationList section */
		622BF0FB2DF603360003532F /* Build configuration list for PBXNativeTarget "TipjeUITests" */ = {
			isa = XCConfigurationList;
			buildConfigurations = (
				622BF0FC2DF603360003532F /* Debug */,
				622BF0FD2DF603360003532F /* Release */,
			);
			defaultConfigurationIsVisible = 0;
			defaultConfigurationName = Release;
		};
		62C4C3ED2DDDC962001CAB3B /* Build configuration list for PBXProject "Tipje" */ = {
			isa = XCConfigurationList;
			buildConfigurations = (
				62C4C3FB2DDDC963001CAB3B /* Debug */,
				62C4C3FC2DDDC963001CAB3B /* Release */,
			);
			defaultConfigurationIsVisible = 0;
			defaultConfigurationName = Release;
		};
		62C4C3FD2DDDC963001CAB3B /* Build configuration list for PBXNativeTarget "Tipje" */ = {
			isa = XCConfigurationList;
			buildConfigurations = (
				62C4C3FE2DDDC963001CAB3B /* Debug */,
				62C4C3FF2DDDC963001CAB3B /* Release */,
			);
			defaultConfigurationIsVisible = 0;
			defaultConfigurationName = Release;
		};
/* End XCConfigurationList section */

/* Begin XCRemoteSwiftPackageReference section */
		6212A9B72DEDE1EC00C809B7 /* XCRemoteSwiftPackageReference "firebase-ios-sdk" */ = {
			isa = XCRemoteSwiftPackageReference;
			repositoryURL = "https://github.com/firebase/firebase-ios-sdk";
			requirement = {
				kind = upToNextMajorVersion;
				minimumVersion = 11.13.0;
			};
		};
		6212A9C02DEDF03300C809B7 /* XCRemoteSwiftPackageReference "GoogleSignIn-iOS" */ = {
			isa = XCRemoteSwiftPackageReference;
			repositoryURL = "https://github.com/google/GoogleSignIn-iOS";
			requirement = {
				kind = upToNextMajorVersion;
				minimumVersion = 8.0.0;
			};
		};
		629ABF572DEF2A2E00362CEC /* XCRemoteSwiftPackageReference "ActivityIndicatorView" */ = {
			isa = XCRemoteSwiftPackageReference;
			repositoryURL = "https://github.com/exyte/ActivityIndicatorView";
			requirement = {
				kind = upToNextMajorVersion;
				minimumVersion = 1.2.1;
			};
		};
/* End XCRemoteSwiftPackageReference section */

/* Begin XCSwiftPackageProductDependency section */
		6212A9B82DEDE1EC00C809B7 /* FirebaseAuth */ = {
			isa = XCSwiftPackageProductDependency;
			package = 6212A9B72DEDE1EC00C809B7 /* XCRemoteSwiftPackageReference "firebase-ios-sdk" */;
			productName = FirebaseAuth;
		};
		6212A9BA2DEDE1EC00C809B7 /* FirebaseCore */ = {
			isa = XCSwiftPackageProductDependency;
			package = 6212A9B72DEDE1EC00C809B7 /* XCRemoteSwiftPackageReference "firebase-ios-sdk" */;
			productName = FirebaseCore;
		};
		6212A9BC2DEDE1EC00C809B7 /* FirebaseFirestore */ = {
			isa = XCSwiftPackageProductDependency;
			package = 6212A9B72DEDE1EC00C809B7 /* XCRemoteSwiftPackageReference "firebase-ios-sdk" */;
			productName = FirebaseFirestore;
		};
		6212A9C12DEDF03300C809B7 /* GoogleSignIn */ = {
			isa = XCSwiftPackageProductDependency;
			package = 6212A9C02DEDF03300C809B7 /* XCRemoteSwiftPackageReference "GoogleSignIn-iOS" */;
			productName = GoogleSignIn;
		};
		6212A9C32DEDF03300C809B7 /* GoogleSignInSwift */ = {
			isa = XCSwiftPackageProductDependency;
			package = 6212A9C02DEDF03300C809B7 /* XCRemoteSwiftPackageReference "GoogleSignIn-iOS" */;
			productName = GoogleSignInSwift;
		};
		629ABF582DEF2A2E00362CEC /* ActivityIndicatorView */ = {
			isa = XCSwiftPackageProductDependency;
			package = 629ABF572DEF2A2E00362CEC /* XCRemoteSwiftPackageReference "ActivityIndicatorView" */;
			productName = ActivityIndicatorView;
		};
/* End XCSwiftPackageProductDependency section */
	};
	rootObject = 62C4C3EA2DDDC962001CAB3B /* Project object */;
}
